
Microsoft Visual Studio Solution File, Format Version 12.00
# Visual Studio 15
VisualStudioVersion = 15.0.27004.2008
MinimumVisualStudioVersion = 10.0.40219.1
Project("{FAE04EC0-301F-11D3-BF4B-00C04F79EFBC}") = "Lab 5 toothpicks game", "Lab 5 toothpicks game.csproj", "{1DB22DCC-3F0E-4501-ACEA-7F2697C79271}"
EndProject
Global
	GlobalSection(SolutionConfigurationPlatforms) = preSolution
		Debug|Any CPU = Debug|Any CPU
		Release|Any CPU = Release|Any CPU
	EndGlobalSection
	GlobalSection(ProjectConfigurationPlatforms) = postSolution
		{1DB22DCC-3F0E-4501-ACEA-7F2697C79271}.Debug|Any CPU.ActiveCfg = Debug|Any CPU
		{1DB22DCC-3F0E-4501-ACEA-7F2697C79271}.Debug|Any CPU.Build.0 = Debug|Any CPU
		{1DB22DCC-3F0E-4501-ACEA-7F2697C79271}.Release|Any CPU.ActiveCfg = Release|Any CPU
		{1DB22DCC-3F0E-4501-ACEA-7F2697C79271}.Release|Any CPU.Build.0 = Release|Any CPU
	EndGlobalSection
	GlobalSection(SolutionProperties) = preSolution
		HideSolutionNode = FALSE
	EndGlobalSection
	GlobalSection(ExtensibilityGlobals) = postSolution
		SolutionGuid = {C960E8B1-3B3C-4E9A-8144-0A958C04DE05}
	EndGlobalSection
EndGlobal
